# This file was autogenerated by uv via the following command:
#    uv pip compile runtime/additions.in --no-deps --python-version 3.10 --generate-hashes -o runtime/additions.lock
cloudpickle==3.0.0 \
    --hash=sha256:246ee7d0c295602a036e86369c77fecda4ab17b506496730f2f576d9016fd9c7 \
    --hash=sha256:996d9a482c6fb4f33c1a35335cf8afd065d2a56e973270364840712d9131a882
    # via -r runtime/additions.in
fonttools==4.53.1 \
    --hash=sha256:02569e9a810f9d11f4ae82c391ebc6fb5730d95a0657d24d754ed7763fb2d122 \
    --hash=sha256:0679a30b59d74b6242909945429dbddb08496935b82f91ea9bf6ad240ec23397 \
    --hash=sha256:10f5e6c3510b79ea27bb1ebfcc67048cde9ec67afa87c7dd7efa5c700491ac7f \
    --hash=sha256:2af40ae9cdcb204fc1d8f26b190aa16534fcd4f0df756268df674a270eab575d \
    --hash=sha256:32f029c095ad66c425b0ee85553d0dc326d45d7059dbc227330fc29b43e8ba60 \
    --hash=sha256:35250099b0cfb32d799fb5d6c651220a642fe2e3c7d2560490e6f1d3f9ae9169 \
    --hash=sha256:3b3c8ebafbee8d9002bd8f1195d09ed2bd9ff134ddec37ee8f6a6375e6a4f0e8 \
    --hash=sha256:4824c198f714ab5559c5be10fd1adf876712aa7989882a4ec887bf1ef3e00e31 \
    --hash=sha256:5ff7e5e9bad94e3a70c5cd2fa27f20b9bb9385e10cddab567b85ce5d306ea923 \
    --hash=sha256:651390c3b26b0c7d1f4407cad281ee7a5a85a31a110cbac5269de72a51551ba2 \
    --hash=sha256:6e08f572625a1ee682115223eabebc4c6a2035a6917eac6f60350aba297ccadb \
    --hash=sha256:6ed170b5e17da0264b9f6fae86073be3db15fa1bd74061c8331022bca6d09bab \
    --hash=sha256:73379d3ffdeecb376640cd8ed03e9d2d0e568c9d1a4e9b16504a834ebadc2dfb \
    --hash=sha256:75a157d8d26c06e64ace9df037ee93a4938a4606a38cb7ffaf6635e60e253b7a \
    --hash=sha256:791b31ebbc05197d7aa096bbc7bd76d591f05905d2fd908bf103af4488e60670 \
    --hash=sha256:7b6b35e52ddc8fb0db562133894e6ef5b4e54e1283dff606fda3eed938c36fc8 \
    --hash=sha256:84ec3fb43befb54be490147b4a922b5314e16372a643004f182babee9f9c3407 \
    --hash=sha256:8959a59de5af6d2bec27489e98ef25a397cfa1774b375d5787509c06659b3671 \
    --hash=sha256:9dfdae43b7996af46ff9da520998a32b105c7f098aeea06b2226b30e74fbba88 \
    --hash=sha256:9e6ceba2a01b448e36754983d376064730690401da1dd104ddb543519470a15f \
    --hash=sha256:9efd176f874cb6402e607e4cc9b4a9cd584d82fc34a4b0c811970b32ba62501f \
    --hash=sha256:a1c7c5aa18dd3b17995898b4a9b5929d69ef6ae2af5b96d585ff4005033d82f0 \
    --hash=sha256:aae7bd54187e8bf7fd69f8ab87b2885253d3575163ad4d669a262fe97f0136cb \
    --hash=sha256:b21952c092ffd827504de7e66b62aba26fdb5f9d1e435c52477e6486e9d128b2 \
    --hash=sha256:b96cd370a61f4d083c9c0053bf634279b094308d52fdc2dd9a22d8372fdd590d \
    --hash=sha256:becc5d7cb89c7b7afa8321b6bb3dbee0eec2b57855c90b3e9bf5fb816671fa7c \
    --hash=sha256:bee32ea8765e859670c4447b0817514ca79054463b6b79784b08a8df3a4d78e3 \
    --hash=sha256:c6e7170d675d12eac12ad1a981d90f118c06cf680b42a2d74c6c931e54b50719 \
    --hash=sha256:c818c058404eb2bba05e728d38049438afd649e3c409796723dfc17cd3f08749 \
    --hash=sha256:c8696544c964500aa9439efb6761947393b70b17ef4e82d73277413f291260a4 \
    --hash=sha256:c9cd19cf4fe0595ebdd1d4915882b9440c3a6d30b008f3cc7587c1da7b95be5f \
    --hash=sha256:d4d0096cb1ac7a77b3b41cd78c9b6bc4a400550e21dc7a92f2b5ab53ed74eb02 \
    --hash=sha256:d92d3c2a1b39631a6131c2fa25b5406855f97969b068e7e08413325bc0afba58 \
    --hash=sha256:da33440b1413bad53a8674393c5d29ce64d8c1a15ef8a77c642ffd900d07bfe1 \
    --hash=sha256:e013aae589c1c12505da64a7d8d023e584987e51e62006e1bb30d72f26522c41 \
    --hash=sha256:e128778a8e9bc11159ce5447f76766cefbd876f44bd79aff030287254e4752c4 \
    --hash=sha256:e54f1bba2f655924c1138bbc7fa91abd61f45c68bd65ab5ed985942712864bbb \
    --hash=sha256:e5b708073ea3d684235648786f5f6153a48dc8762cdfe5563c57e80787c29fbb \
    --hash=sha256:e8bf06b94694251861ba7fdeea15c8ec0967f84c3d4143ae9daf42bbc7717fe3 \
    --hash=sha256:f08df60fbd8d289152079a65da4e66a447efc1d5d5a4d3f299cdd39e3b2e4a7d \
    --hash=sha256:f1f8758a2ad110bd6432203a344269f445a2907dc24ef6bccfd0ac4e14e0d71d \
    --hash=sha256:f677ce218976496a587ab17140da141557beb91d2a5c1a14212c994093f2eae2
    # via -r runtime/additions.in
tensordict==0.3.2 \
    --hash=sha256:0a74159879312ff38ed663d12d1491dd90b03c10c02dba5585a4f0b2974266dd \
    --hash=sha256:2335b1a8bce8f98b883c97d910388658dcd53cbfaa1cfb7c102afbb52a7a54bc \
    --hash=sha256:25c9fd7f86dd7c96506a30cfe2c83d496d3e6e94f1ed0f9bea8c402c87e762fd \
    --hash=sha256:3fdd4868672bdae92133e1d75d4cd4fb2ec0a0f6f89309780458c5c12a6bfb45 \
    --hash=sha256:41b2b85e11848b10bf4163ac5687434a93f1f07c67e6691caf75665407dc0d11 \
    --hash=sha256:5472e2e6f461849c147dc2546a3fd96af1b27d9da2c87955da3fa0f1ea965aea \
    --hash=sha256:77b5525d0c1fd87823f9027e106682d89b550d60db895cde847879b426c11a83 \
    --hash=sha256:a3d0e7b54695144b160ec3ef0e50be40220431ee4e4c79de6fba584a505a4a54 \
    --hash=sha256:bae8389bf96a9618c9979da5bdadd8e044a5c8cd5bb864d7417591a0a1815dab \
    --hash=sha256:c74c9ef4935cbe25a9229ca98877abb8d2343efb5d3c78544632f94acff733c0 \
    --hash=sha256:dbcaf15412383bdd56e7cf159aabc05690de6e049ebabfc20b82dc1d226270f6 \
    --hash=sha256:dce22e4db1dedb3aa99c045525db28772fb597f98efa2942bf7bdce51157eac7 \
    --hash=sha256:dd199c271478f1681e36a680b9429bb26f9f7b30a1e299e8d38d264fee358c3f \
    --hash=sha256:de0b5351b32474f5fdeb8ce4e9c706cbd75139e953a3db10f4cf01ce49e9a689 \
    --hash=sha256:e8293c23a8ed13d3fe814054894342a658803a74d449827b8f585a373576f5a4 \
    --hash=sha256:e9619f45e8a9018488bddf7f5dfc9fbe12f61cc88f30dc7ece9f75895a2d3181 \
    --hash=sha256:f24ff85bb0400beb4edabaa96df2ef30e8192759a8564beb01b996b6de152136
    # via -r runtime/additions.in
torchrl==0.3.1 \
    --hash=sha256:1f81b74fe7b54e317f81e15297dd2e8c2e0f99814ba0607adb6cc807be916524 \
    --hash=sha256:24940be4665864a49327ac094d8cfead553f34e1ebdc240fc2be79bf0c16eabb \
    --hash=sha256:2ff538ac3f85f163cb092cad6217c20c5ccffb46bf096b1e7962b1ce0d0e730e \
    --hash=sha256:3f646b83669926946a70af2999aa571ca89323791c4e23e05fa0d97458a90a69 \
    --hash=sha256:4f7d161a6c9d135639cb02729208ed1b54ec32957c69fb000eb32ef3f79507fe \
    --hash=sha256:6def0d5274461c1484df97dc41e890951e28df18e570dfa47710ba3639a3096d \
    --hash=sha256:8db67545db46ef4d66ea5fafdf4a989da471599d4edc924eba7cbb91f2f11480 \
    --hash=sha256:919a484c40e4de8777a173ebe8656974566f8514f44ca02c8e87b882b6b5c650 \
    --hash=sha256:928d07ac9344668f80fd4940643d5adb29daac69ec0ecba93837132b09c40da3 \
    --hash=sha256:9301411a8f249d7be1cb45277a9ab74072bb797fbfe4c5df97bd906d397dced6 \
    --hash=sha256:9903f607a65e5dca263fec0390a388dd12839c3ea9139bb21859b5859113747f \
    --hash=sha256:a1d85aac1899cfe0631f04d6db8b6d5f37e5cfb11f798fd17c8401c124c7d707 \
    --hash=sha256:a2ffd9a764967d9a4a5dd6b68a913c8cfa0e62ff6c7f93c15549f370b5653ee4 \
    --hash=sha256:cfbe8404e5dbc2eee4faf3eee1ad4f29a40ff266c68d302d26bc44078f4eb22c \
    --hash=sha256:e0ecd650d27295a358cd1f2fb8459e73855678e7d077dadb5a5bfd098b5a242b \
    --hash=sha256:e63d0e473a32e751b38b950a4cde0652bfeb8e10878be51d9ea9c9cd1f8d2a47 \
    --hash=sha256:f4ef36cdd38c3b05d683bb6d1d82567823df993c6f50c30d6c1d168a39fe8ed3
    # via -r runtime/additions.in
uv==0.9.28 \
    --hash=sha256:203ab59710c0c1b3c5ecc684f9cfc9264340a69c8706aaa8aea75415779f0d74 \
    --hash=sha256:253c04b26fb40f74c56ead12ce83db3c018bdefde1fcd1a542bcb88fdca4189c \
    --hash=sha256:29eefd4642f55954a2b9a40619cde3d02856300f59b8cf63ed1a161ca0ca9b77 \
    --hash=sha256:2c8fd93c5bee89ed88908215f81a3baa0d2a98e35caf995b97e9c226c1c29340 \
    --hash=sha256:2dc98e2d6db0dc9a2f65ce4cda6a34283fa80f3fbfff129befdf40ad7a3d1615 \
    --hash=sha256:3798c486ec627bbd7ca41fa219e997ad403b1f803371edf5c8e75893e46161ba \
    --hash=sha256:3fe9aa2822d24f6ecec035a06dfdd1fbed570ed40b83a864e71714bad37ddfd3 \
    --hash=sha256:4155496f624deb753f5ddd80fbe3797587c8480d1250e83c9fd816b4b02e3a41 \
    --hash=sha256:4d479a1d387b1464ad2c1f960b0b26a9ac1dfba67ea2c6789e9643fe6d1e7b9a \
    --hash=sha256:58a36bf623c6d36b3d60d3c76eeb7275199d607938786e927d40ce213980059d \
    --hash=sha256:7b8460a2b624d8ab27cb293a2c9f2393f9efc4e36e0fb886a6c2360e23fb48be \
    --hash=sha256:97d61cdf2436e83a0f188d55d1974e46679d9a787c3a54cb0a40de717c6bf435 \
    --hash=sha256:aede961243bb2c0ca09d0e04ea0bf580d7128dd3b14661b79d133be9a5b69894 \
    --hash=sha256:ba2a320ff77996468789f4b2c573fd766f9330717c440335af8790043b2b3703 \
    --hash=sha256:c29406e1dc6b1b312c478c76b42b9f94b684855a4c001901b5488bab6ccf4ec7 \
    --hash=sha256:cbfa56c833caa37b1f14166327fcaf8aa87290451406921eb07296ffef17fef1 \
    --hash=sha256:d267280b3878aa6ef8e00bff1f11bf61580d0a8bbb69fa95b5d3526d00f77485 \
    --hash=sha256:d5cb780d5b821f837f63e7fd14e2bf75f01824b4575a1e89639888771bfd9efd \
    --hash=sha256:e479cc5cbfd72ebdbea3c909d0ab997162e0dfa1ee622b50e2f9dc8d07d4eee3
    # via -r runtime/additions.in
wheel==0.43.0 \
    --hash=sha256:465ef92c69fa5c5da2d1cf8ac40559a8c940886afcef87dcf14b9470862f1d85 \
    --hash=sha256:55c570405f142630c6b9f72fe09d9b67cf1477fcf543ae5b8dcb1f5b7377da81
    # via -r runtime/additions.in
